schema: '2.0'
stages:
  data_visualization:
    cmd: python src/data_visualization.py
    deps:
    - path: data/raw/datos_creditos.csv
      hash: md5
      md5: 3b26edd22e8827f890d7cd32efe475b7
      size: 663047
    - path: data/raw/datos_tarjetas.csv
      hash: md5
      md5: 9e197c893925601cd447c81256e8cf07
      size: 845190
    - path: src/data_visualization.py
      hash: md5
      md5: a93704b88ce4babd467129ee715c01a2
      size: 4736
    outs:
    - path: docs/figures/correlation_heatmap_creditos.png
      hash: md5
      md5: 25acd71cbee0ab68c108d74a14c6546d
      size: 77161
    - path: docs/figures/correlation_heatmap_tarjetas.png
      hash: md5
      md5: be5105f4aed5c8594f1939d74d91be5f
      size: 52497
    - path: docs/figures/default_by_loan_purpose.png
      hash: md5
      md5: 625df6fcbbc9bd386ce69f842a3e3bec
      size: 30095
    - path: docs/figures/estado_civil_distribution_tarjetas.png
      hash: md5
      md5: b6a0ed1ba24fbb19f7b86ef056cffeed
      size: 15681
    - path: docs/figures/estado_cliente_distribution_tarjetas.png
      hash: md5
      md5: e22b684b8b1b870d451abfc5348ff485
      size: 14633
    - path: docs/figures/genero_distribution_tarjetas.png
      hash: md5
      md5: 7acfb2f90a29470c3b754baf1ae8ea75
      size: 10437
    - path: docs/figures/loan_amount_by_default_status.png
      hash: md5
      md5: 165132c292421c7e1c2515a384b17164
      size: 29341
    - path: docs/figures/nivel_educativo_distribution_tarjetas.png
      hash: md5
      md5: e4c879c4cb59ba83f6d8ea6675de0d77
      size: 19188
    - path: docs/figures/nivel_tarjeta_distribution_tarjetas.png
      hash: md5
      md5: dd33078c5268459684ecdb042e10afe9
      size: 13976
    - path: docs/figures/objetivo_credito_distribution_creditos.png
      hash: md5
      md5: 08de42a3dd61175ad91adb4c4679d97e
      size: 18845
    - path: docs/figures/situacion_vivienda_distribution_creditos.png
      hash: md5
      md5: 8931095cbb7bf7ff969533a9bda105f9
      size: 16957
    - path: docs/figures/target_distribution.png
      hash: md5
      md5: 103ed490582e63d18653cece13747409
      size: 21596
  test_pandera:
    cmd: cmd /c "pytest --html=docs/report_pa.html --self-contained-html 
      test/test_data_quality.py -v || exit /b 0"
    deps:
    - path: data/raw/datos_creditos.csv
      hash: md5
      md5: 3b26edd22e8827f890d7cd32efe475b7
      size: 663047
    - path: data/raw/datos_tarjetas.csv
      hash: md5
      md5: 9e197c893925601cd447c81256e8cf07
      size: 845190
    - path: test/test_data_quality.py
      hash: md5
      md5: 3d5cc4b9a0fd5989eaeab43a6f9033ee
      size: 6796
    outs:
    - path: docs/report_pa.html
      hash: md5
      md5: 1bb5b3114befde6df03d73ec97885d7a
      size: 46720
  test_ge:
    cmd: cmd /c "pytest --html=docs/report_ge.html --self-contained-html 
      test/test_data_quality_ge.py -v || exit /b 0"
    deps:
    - path: data/raw/datos_creditos.csv
      hash: md5
      md5: 3b26edd22e8827f890d7cd32efe475b7
      size: 663047
    - path: data/raw/datos_tarjetas.csv
      hash: md5
      md5: 9e197c893925601cd447c81256e8cf07
      size: 845190
    - path: test/test_data_quality_ge.py
      hash: md5
      md5: 04686992418721de5dd99b19d798d766
      size: 6345
    outs:
    - path: docs/report_ge.html
      hash: md5
      md5: 55dcfbae209de18fc27fe4a1b6cf76ae
      size: 38835
  data_processing:
    cmd: python src/data_prep.py
    deps:
    - path: data/raw/datos_creditos.csv
      hash: md5
      md5: 3b26edd22e8827f890d7cd32efe475b7
      size: 663047
    - path: data/raw/datos_tarjetas.csv
      hash: md5
      md5: 9e197c893925601cd447c81256e8cf07
      size: 845190
    - path: src/data_prep.py
      hash: md5
      md5: ce108b1cc1b8ea6464ce996429c942be
      size: 5660
    outs:
    - path: data/processed/datos_integrados.csv
      hash: md5
      md5: 26da7b14131c3bc2079acaed91eaf734
      size: 1855179
    - path: data/processed/metadata_datos_integrados.txt
      hash: md5
      md5: d5feff65e293c1c5da06d981804e83d0
      size: 1231
  train_model:
    cmd: python src/train_model.py
    deps:
    - path: data/processed/datos_integrados.csv
      hash: md5
      md5: 26da7b14131c3bc2079acaed91eaf734
      size: 1855179
    - path: src/train_model.py
      hash: md5
      md5: 45f1f24b4934d64d8d6d2054b7dec2ab
      size: 9571
    outs:
    - path: docs/figures/confusion_matrix.png
      hash: md5
      md5: 40c8588c313d4445522945f29ad05215
      size: 18691
    - path: metrics/train_metrics.json
      hash: md5
      md5: b01414e6478094dbb98a47e7d4ebdff4
      size: 194
    - path: models/prod_model.pkl
      hash: md5
      md5: 0d30726229581884288ef7af53c5ef4c
      size: 26406
    - path: models/prod_preprocessor.pkl
      hash: md5
      md5: f79a440d912ec2c5749c90e79e8507fa
      size: 5247
  test_model:
    cmd: cmd /c "pytest --html=docs/report_model.html --self-contained-html 
      test/test_train.py -v || exit /b 0"
    deps:
    - path: data/processed/datos_integrados.csv
      hash: md5
      md5: 26da7b14131c3bc2079acaed91eaf734
      size: 1855179
    - path: test/test_train.py
      hash: md5
      md5: 20eabf5a1c80490d8524679b793f2129
      size: 1630
    outs:
    - path: docs/report_model.html
      hash: md5
      md5: ce9f6aaea3b2ab67be3a74f623b5e6a4
      size: 34999
